
Microsoft Visual Studio Solution File, Format Version 12.00
# Visual Studio Version 17
VisualStudioVersion = 17.8.34004.107
MinimumVisualStudioVersion = 10.0.40219.1
Project("{FAE04EC0-301F-11D3-BF4B-00C04F79EFBC}") = "MediatorPattern", "MediatorPattern\MediatorPattern.csproj", "{CD0A4F1E-D734-4BAC-9CD5-6B03BD81E742}"
EndProject
Global
	GlobalSection(SolutionConfigurationPlatforms) = preSolution
		Debug|Any CPU = Debug|Any CPU
		Release|Any CPU = Release|Any CPU
	EndGlobalSection
	GlobalSection(ProjectConfigurationPlatforms) = postSolution
		{CD0A4F1E-D734-4BAC-9CD5-6B03BD81E742}.Debug|Any CPU.ActiveCfg = Debug|Any CPU
		{CD0A4F1E-D734-4BAC-9CD5-6B03BD81E742}.Debug|Any CPU.Build.0 = Debug|Any CPU
		{CD0A4F1E-D734-4BAC-9CD5-6B03BD81E742}.Release|Any CPU.ActiveCfg = Release|Any CPU
		{CD0A4F1E-D734-4BAC-9CD5-6B03BD81E742}.Release|Any CPU.Build.0 = Release|Any CPU
	EndGlobalSection
	GlobalSection(SolutionProperties) = preSolution
		HideSolutionNode = FALSE
	EndGlobalSection
	GlobalSection(ExtensibilityGlobals) = postSolution
		SolutionGuid = {FDE03DAA-D2BA-4C32-995C-B5C15EDA8B4D}
	EndGlobalSection
EndGlobal
